// !$*UTF8*$!
{
	archiveVersion = 1;
	classes = {
	};
	objectVersion = 50;
	objects = {

/* Begin PBXBuildFile section */
		E10B6D6025AF075500F50AFD /* UltimatePortfolioApp.swift in Sources */ = {isa = PBXBuildFile; fileRef = E10B6D5F25AF075500F50AFD /* UltimatePortfolioApp.swift */; };
		E10B6D6225AF075500F50AFD /* ContentView.swift in Sources */ = {isa = PBXBuildFile; fileRef = E10B6D6125AF075500F50AFD /* ContentView.swift */; };
		E10B6D6425AF075800F50AFD /* Assets.xcassets in Resources */ = {isa = PBXBuildFile; fileRef = E10B6D6325AF075800F50AFD /* Assets.xcassets */; };
		E10B6D6725AF075800F50AFD /* Preview Assets.xcassets in Resources */ = {isa = PBXBuildFile; fileRef = E10B6D6625AF075800F50AFD /* Preview Assets.xcassets */; };
		E10B6D7125AF096800F50AFD /* Main.xcdatamodeld in Sources */ = {isa = PBXBuildFile; fileRef = E10B6D6F25AF096800F50AFD /* Main.xcdatamodeld */; };
		E10B6D7425AF136700F50AFD /* DataController.swift in Sources */ = {isa = PBXBuildFile; fileRef = E10B6D7325AF136700F50AFD /* DataController.swift */; };
		E10B6D7725B01DBB00F50AFD /* HomeView.swift in Sources */ = {isa = PBXBuildFile; fileRef = E10B6D7625B01DBB00F50AFD /* HomeView.swift */; };
		E10B6D7A25B01F2400F50AFD /* ProjectsView.swift in Sources */ = {isa = PBXBuildFile; fileRef = E10B6D7925B01F2400F50AFD /* ProjectsView.swift */; };
		E10B6D7D25B05AE900F50AFD /* Item-CoreDataHelpers.swift in Sources */ = {isa = PBXBuildFile; fileRef = E10B6D7C25B05AE900F50AFD /* Item-CoreDataHelpers.swift */; };
		E10B6D8025B05CF300F50AFD /* Project-CoreDataHelpers.swift in Sources */ = {isa = PBXBuildFile; fileRef = E10B6D7F25B05CF300F50AFD /* Project-CoreDataHelpers.swift */; };
		E10B6D8325B1780000F50AFD /* EditItemView.swift in Sources */ = {isa = PBXBuildFile; fileRef = E10B6D8225B1780000F50AFD /* EditItemView.swift */; };
		E10B6D8625B1B5A900F50AFD /* ItemRowView.swift in Sources */ = {isa = PBXBuildFile; fileRef = E10B6D8525B1B5A900F50AFD /* ItemRowView.swift */; };
		E10B6D8925B585B000F50AFD /* ProjectHeaderView.swift in Sources */ = {isa = PBXBuildFile; fileRef = E10B6D8825B585B000F50AFD /* ProjectHeaderView.swift */; };
		E10B6D8C25B58B4F00F50AFD /* Colors.xcassets in Resources */ = {isa = PBXBuildFile; fileRef = E10B6D8B25B58B4F00F50AFD /* Colors.xcassets */; };
		E10B6D8F25B5AD6E00F50AFD /* EditProjectView.swift in Sources */ = {isa = PBXBuildFile; fileRef = E10B6D8E25B5AD6E00F50AFD /* EditProjectView.swift */; };
/* End PBXBuildFile section */

/* Begin PBXFileReference section */
		E10B6D5C25AF075500F50AFD /* UltimatePortfolio.app */ = {isa = PBXFileReference; explicitFileType = wrapper.application; includeInIndex = 0; path = UltimatePortfolio.app; sourceTree = BUILT_PRODUCTS_DIR; };
		E10B6D5F25AF075500F50AFD /* UltimatePortfolioApp.swift */ = {isa = PBXFileReference; lastKnownFileType = sourcecode.swift; path = UltimatePortfolioApp.swift; sourceTree = "<group>"; };
		E10B6D6125AF075500F50AFD /* ContentView.swift */ = {isa = PBXFileReference; lastKnownFileType = sourcecode.swift; path = ContentView.swift; sourceTree = "<group>"; };
		E10B6D6325AF075800F50AFD /* Assets.xcassets */ = {isa = PBXFileReference; lastKnownFileType = folder.assetcatalog; path = Assets.xcassets; sourceTree = "<group>"; };
		E10B6D6625AF075800F50AFD /* Preview Assets.xcassets */ = {isa = PBXFileReference; lastKnownFileType = folder.assetcatalog; path = "Preview Assets.xcassets"; sourceTree = "<group>"; };
		E10B6D6825AF075800F50AFD /* Info.plist */ = {isa = PBXFileReference; lastKnownFileType = text.plist.xml; path = Info.plist; sourceTree = "<group>"; };
		E10B6D7025AF096800F50AFD /* Main.xcdatamodel */ = {isa = PBXFileReference; lastKnownFileType = wrapper.xcdatamodel; path = Main.xcdatamodel; sourceTree = "<group>"; };
		E10B6D7325AF136700F50AFD /* DataController.swift */ = {isa = PBXFileReference; lastKnownFileType = sourcecode.swift; path = DataController.swift; sourceTree = "<group>"; };
		E10B6D7625B01DBB00F50AFD /* HomeView.swift */ = {isa = PBXFileReference; lastKnownFileType = sourcecode.swift; path = HomeView.swift; sourceTree = "<group>"; };
		E10B6D7925B01F2400F50AFD /* ProjectsView.swift */ = {isa = PBXFileReference; lastKnownFileType = sourcecode.swift; path = ProjectsView.swift; sourceTree = "<group>"; };
		E10B6D7C25B05AE900F50AFD /* Item-CoreDataHelpers.swift */ = {isa = PBXFileReference; lastKnownFileType = sourcecode.swift; path = "Item-CoreDataHelpers.swift"; sourceTree = "<group>"; };
		E10B6D7F25B05CF300F50AFD /* Project-CoreDataHelpers.swift */ = {isa = PBXFileReference; lastKnownFileType = sourcecode.swift; path = "Project-CoreDataHelpers.swift"; sourceTree = "<group>"; };
		E10B6D8225B1780000F50AFD /* EditItemView.swift */ = {isa = PBXFileReference; lastKnownFileType = sourcecode.swift; path = EditItemView.swift; sourceTree = "<group>"; };
		E10B6D8525B1B5A900F50AFD /* ItemRowView.swift */ = {isa = PBXFileReference; lastKnownFileType = sourcecode.swift; path = ItemRowView.swift; sourceTree = "<group>"; };
		E10B6D8825B585B000F50AFD /* ProjectHeaderView.swift */ = {isa = PBXFileReference; lastKnownFileType = sourcecode.swift; path = ProjectHeaderView.swift; sourceTree = "<group>"; };
		E10B6D8B25B58B4F00F50AFD /* Colors.xcassets */ = {isa = PBXFileReference; lastKnownFileType = folder.assetcatalog; path = Colors.xcassets; sourceTree = "<group>"; };
		E10B6D8E25B5AD6E00F50AFD /* EditProjectView.swift */ = {isa = PBXFileReference; lastKnownFileType = sourcecode.swift; path = EditProjectView.swift; sourceTree = "<group>"; };
/* End PBXFileReference section */

/* Begin PBXFrameworksBuildPhase section */
		E10B6D5925AF075500F50AFD /* Frameworks */ = {
			isa = PBXFrameworksBuildPhase;
			buildActionMask = 2147483647;
			files = (
			);
			runOnlyForDeploymentPostprocessing = 0;
		};
/* End PBXFrameworksBuildPhase section */

/* Begin PBXGroup section */
		E10B6D5325AF075500F50AFD = {
			isa = PBXGroup;
			children = (
				E10B6D5E25AF075500F50AFD /* UltimatePortfolio */,
				E10B6D5D25AF075500F50AFD /* Products */,
			);
			sourceTree = "<group>";
		};
		E10B6D5D25AF075500F50AFD /* Products */ = {
			isa = PBXGroup;
			children = (
				E10B6D5C25AF075500F50AFD /* UltimatePortfolio.app */,
			);
			name = Products;
			sourceTree = "<group>";
		};
		E10B6D5E25AF075500F50AFD /* UltimatePortfolio */ = {
			isa = PBXGroup;
			children = (
				E10B6D5F25AF075500F50AFD /* UltimatePortfolioApp.swift */,
				E10B6D8825B585B000F50AFD /* ProjectHeaderView.swift */,
				E10B6D8B25B58B4F00F50AFD /* Colors.xcassets */,
				E10B6D7625B01DBB00F50AFD /* HomeView.swift */,
				E10B6D7925B01F2400F50AFD /* ProjectsView.swift */,
				E10B6D8225B1780000F50AFD /* EditItemView.swift */,
				E10B6D8E25B5AD6E00F50AFD /* EditProjectView.swift */,
				E10B6D8525B1B5A900F50AFD /* ItemRowView.swift */,
				E10B6D6125AF075500F50AFD /* ContentView.swift */,
				E10B6D7325AF136700F50AFD /* DataController.swift */,
				E10B6D7C25B05AE900F50AFD /* Item-CoreDataHelpers.swift */,
				E10B6D7F25B05CF300F50AFD /* Project-CoreDataHelpers.swift */,
				E10B6D6F25AF096800F50AFD /* Main.xcdatamodeld */,
				E10B6D6325AF075800F50AFD /* Assets.xcassets */,
				E10B6D6825AF075800F50AFD /* Info.plist */,
				E10B6D6525AF075800F50AFD /* Preview Content */,
			);
			path = UltimatePortfolio;
			sourceTree = "<group>";
		};
		E10B6D6525AF075800F50AFD /* Preview Content */ = {
			isa = PBXGroup;
			children = (
				E10B6D6625AF075800F50AFD /* Preview Assets.xcassets */,
			);
			path = "Preview Content";
			sourceTree = "<group>";
		};
/* End PBXGroup section */

/* Begin PBXNativeTarget section */
		E10B6D5B25AF075500F50AFD /* UltimatePortfolio */ = {
			isa = PBXNativeTarget;
			buildConfigurationList = E10B6D6B25AF075800F50AFD /* Build configuration list for PBXNativeTarget "UltimatePortfolio" */;
			buildPhases = (
				E10B6D5825AF075500F50AFD /* Sources */,
				E10B6D5925AF075500F50AFD /* Frameworks */,
				E10B6D5A25AF075500F50AFD /* Resources */,
			);
			buildRules = (
			);
			dependencies = (
			);
			name = UltimatePortfolio;
			productName = UltimatePortfolio;
			productReference = E10B6D5C25AF075500F50AFD /* UltimatePortfolio.app */;
			productType = "com.apple.product-type.application";
		};
/* End PBXNativeTarget section */

/* Begin PBXProject section */
		E10B6D5425AF075500F50AFD /* Project object */ = {
			isa = PBXProject;
			attributes = {
				LastSwiftUpdateCheck = 1230;
				LastUpgradeCheck = 1230;
				TargetAttributes = {
					E10B6D5B25AF075500F50AFD = {
						CreatedOnToolsVersion = 12.3;
					};
				};
			};
			buildConfigurationList = E10B6D5725AF075500F50AFD /* Build configuration list for PBXProject "UltimatePortfolio" */;
			compatibilityVersion = "Xcode 9.3";
			developmentRegion = en;
			hasScannedForEncodings = 0;
			knownRegions = (
				en,
				Base,
			);
			mainGroup = E10B6D5325AF075500F50AFD;
			productRefGroup = E10B6D5D25AF075500F50AFD /* Products */;
			projectDirPath = "";
			projectRoot = "";
			targets = (
				E10B6D5B25AF075500F50AFD /* UltimatePortfolio */,
			);
		};
/* End PBXProject section */

/* Begin PBXResourcesBuildPhase section */
		E10B6D5A25AF075500F50AFD /* Resources */ = {
			isa = PBXResourcesBuildPhase;
			buildActionMask = 2147483647;
			files = (
				E10B6D8C25B58B4F00F50AFD /* Colors.xcassets in Resources */,
				E10B6D6725AF075800F50AFD /* Preview Assets.xcassets in Resources */,
				E10B6D6425AF075800F50AFD /* Assets.xcassets in Resources */,
			);
			runOnlyForDeploymentPostprocessing = 0;
		};
/* End PBXResourcesBuildPhase section */

/* Begin PBXSourcesBuildPhase section */
		E10B6D5825AF075500F50AFD /* Sources */ = {
			isa = PBXSourcesBuildPhase;
			buildActionMask = 2147483647;
			files = (
				E10B6D7A25B01F2400F50AFD /* ProjectsView.swift in Sources */,
				E10B6D7125AF096800F50AFD /* Main.xcdatamodeld in Sources */,
				E10B6D8025B05CF300F50AFD /* Project-CoreDataHelpers.swift in Sources */,
				E10B6D7425AF136700F50AFD /* DataController.swift in Sources */,
				E10B6D8925B585B000F50AFD /* ProjectHeaderView.swift in Sources */,
				E10B6D8625B1B5A900F50AFD /* ItemRowView.swift in Sources */,
				E10B6D6225AF075500F50AFD /* ContentView.swift in Sources */,
				E10B6D7725B01DBB00F50AFD /* HomeView.swift in Sources */,
				E10B6D8F25B5AD6E00F50AFD /* EditProjectView.swift in Sources */,
				E10B6D6025AF075500F50AFD /* UltimatePortfolioApp.swift in Sources */,
				E10B6D7D25B05AE900F50AFD /* Item-CoreDataHelpers.swift in Sources */,
				E10B6D8325B1780000F50AFD /* EditItemView.swift in Sources */,
			);
			runOnlyForDeploymentPostprocessing = 0;
		};
/* End PBXSourcesBuildPhase section */

/* Begin XCBuildConfiguration section */
		E10B6D6925AF075800F50AFD /* Debug */ = {
			isa = XCBuildConfiguration;
			buildSettings = {
				ALWAYS_SEARCH_USER_PATHS = NO;
				CLANG_ANALYZER_NONNULL = YES;
				CLANG_ANALYZER_NUMBER_OBJECT_CONVERSION = YES_AGGRESSIVE;
				CLANG_CXX_LANGUAGE_STANDARD = "gnu++14";
				CLANG_CXX_LIBRARY = "libc++";
				CLANG_ENABLE_MODULES = YES;
				CLANG_ENABLE_OBJC_ARC = YES;
				CLANG_ENABLE_OBJC_WEAK = YES;
				CLANG_WARN_BLOCK_CAPTURE_AUTORELEASING = YES;
				CLANG_WARN_BOOL_CONVERSION = YES;
				CLANG_WARN_COMMA = YES;
				CLANG_WARN_CONSTANT_CONVERSION = YES;
				CLANG_WARN_DEPRECATED_OBJC_IMPLEMENTATIONS = YES;
				CLANG_WARN_DIRECT_OBJC_ISA_USAGE = YES_ERROR;
				CLANG_WARN_DOCUMENTATION_COMMENTS = YES;
				CLANG_WARN_EMPTY_BODY = YES;
				CLANG_WARN_ENUM_CONVERSION = YES;
				CLANG_WARN_INFINITE_RECURSION = YES;
				CLANG_WARN_INT_CONVERSION = YES;
				CLANG_WARN_NON_LITERAL_NULL_CONVERSION = YES;
				CLANG_WARN_OBJC_IMPLICIT_RETAIN_SELF = YES;
				CLANG_WARN_OBJC_LITERAL_CONVERSION = YES;
				CLANG_WARN_OBJC_ROOT_CLASS = YES_ERROR;
				CLANG_WARN_QUOTED_INCLUDE_IN_FRAMEWORK_HEADER = YES;
				CLANG_WARN_RANGE_LOOP_ANALYSIS = YES;
				CLANG_WARN_STRICT_PROTOTYPES = YES;
				CLANG_WARN_SUSPICIOUS_MOVE = YES;
				CLANG_WARN_UNGUARDED_AVAILABILITY = YES_AGGRESSIVE;
				CLANG_WARN_UNREACHABLE_CODE = YES;
				CLANG_WARN__DUPLICATE_METHOD_MATCH = YES;
				COPY_PHASE_STRIP = NO;
				DEBUG_INFORMATION_FORMAT = dwarf;
				ENABLE_STRICT_OBJC_MSGSEND = YES;
				ENABLE_TESTABILITY = YES;
				GCC_C_LANGUAGE_STANDARD = gnu11;
				GCC_DYNAMIC_NO_PIC = NO;
				GCC_NO_COMMON_BLOCKS = YES;
				GCC_OPTIMIZATION_LEVEL = 0;
				GCC_PREPROCESSOR_DEFINITIONS = (
					"DEBUG=1",
					"$(inherited)",
				);
				GCC_WARN_64_TO_32_BIT_CONVERSION = YES;
				GCC_WARN_ABOUT_RETURN_TYPE = YES_ERROR;
				GCC_WARN_UNDECLARED_SELECTOR = YES;
				GCC_WARN_UNINITIALIZED_AUTOS = YES_AGGRESSIVE;
				GCC_WARN_UNUSED_FUNCTION = YES;
				GCC_WARN_UNUSED_VARIABLE = YES;
				IPHONEOS_DEPLOYMENT_TARGET = 14.3;
				MTL_ENABLE_DEBUG_INFO = INCLUDE_SOURCE;
				MTL_FAST_MATH = YES;
				ONLY_ACTIVE_ARCH = YES;
				SDKROOT = iphoneos;
				SWIFT_ACTIVE_COMPILATION_CONDITIONS = DEBUG;
				SWIFT_OPTIMIZATION_LEVEL = "-Onone";
			};
			name = Debug;
		};
		E10B6D6A25AF075800F50AFD /* Release */ = {
			isa = XCBuildConfiguration;
			buildSettings = {
				ALWAYS_SEARCH_USER_PATHS = NO;
				CLANG_ANALYZER_NONNULL = YES;
				CLANG_ANALYZER_NUMBER_OBJECT_CONVERSION = YES_AGGRESSIVE;
				CLANG_CXX_LANGUAGE_STANDARD = "gnu++14";
				CLANG_CXX_LIBRARY = "libc++";
				CLANG_ENABLE_MODULES = YES;
				CLANG_ENABLE_OBJC_ARC = YES;
				CLANG_ENABLE_OBJC_WEAK = YES;
				CLANG_WARN_BLOCK_CAPTURE_AUTORELEASING = YES;
				CLANG_WARN_BOOL_CONVERSION = YES;
				CLANG_WARN_COMMA = YES;
				CLANG_WARN_CONSTANT_CONVERSION = YES;
				CLANG_WARN_DEPRECATED_OBJC_IMPLEMENTATIONS = YES;
				CLANG_WARN_DIRECT_OBJC_ISA_USAGE = YES_ERROR;
				CLANG_WARN_DOCUMENTATION_COMMENTS = YES;
				CLANG_WARN_EMPTY_BODY = YES;
				CLANG_WARN_ENUM_CONVERSION = YES;
				CLANG_WARN_INFINITE_RECURSION = YES;
				CLANG_WARN_INT_CONVERSION = YES;
				CLANG_WARN_NON_LITERAL_NULL_CONVERSION = YES;
				CLANG_WARN_OBJC_IMPLICIT_RETAIN_SELF = YES;
				CLANG_WARN_OBJC_LITERAL_CONVERSION = YES;
				CLANG_WARN_OBJC_ROOT_CLASS = YES_ERROR;
				CLANG_WARN_QUOTED_INCLUDE_IN_FRAMEWORK_HEADER = YES;
				CLANG_WARN_RANGE_LOOP_ANALYSIS = YES;
				CLANG_WARN_STRICT_PROTOTYPES = YES;
				CLANG_WARN_SUSPICIOUS_MOVE = YES;
				CLANG_WARN_UNGUARDED_AVAILABILITY = YES_AGGRESSIVE;
				CLANG_WARN_UNREACHABLE_CODE = YES;
				CLANG_WARN__DUPLICATE_METHOD_MATCH = YES;
				COPY_PHASE_STRIP = NO;
				DEBUG_INFORMATION_FORMAT = "dwarf-with-dsym";
				ENABLE_NS_ASSERTIONS = NO;
				ENABLE_STRICT_OBJC_MSGSEND = YES;
				GCC_C_LANGUAGE_STANDARD = gnu11;
				GCC_NO_COMMON_BLOCKS = YES;
				GCC_WARN_64_TO_32_BIT_CONVERSION = YES;
				GCC_WARN_ABOUT_RETURN_TYPE = YES_ERROR;
				GCC_WARN_UNDECLARED_SELECTOR = YES;
				GCC_WARN_UNINITIALIZED_AUTOS = YES_AGGRESSIVE;
				GCC_WARN_UNUSED_FUNCTION = YES;
				GCC_WARN_UNUSED_VARIABLE = YES;
				IPHONEOS_DEPLOYMENT_TARGET = 14.3;
				MTL_ENABLE_DEBUG_INFO = NO;
				MTL_FAST_MATH = YES;
				SDKROOT = iphoneos;
				SWIFT_COMPILATION_MODE = wholemodule;
				SWIFT_OPTIMIZATION_LEVEL = "-O";
				VALIDATE_PRODUCT = YES;
			};
			name = Release;
		};
		E10B6D6C25AF075800F50AFD /* Debug */ = {
			isa = XCBuildConfiguration;
			buildSettings = {
				ASSETCATALOG_COMPILER_APPICON_NAME = AppIcon;
				ASSETCATALOG_COMPILER_GLOBAL_ACCENT_COLOR_NAME = AccentColor;
				CODE_SIGN_STYLE = Automatic;
				DEVELOPMENT_ASSET_PATHS = "\"UltimatePortfolio/Preview Content\"";
				DEVELOPMENT_TEAM = 7U5XZ95AHH;
				ENABLE_PREVIEWS = YES;
				INFOPLIST_FILE = UltimatePortfolio/Info.plist;
				IPHONEOS_DEPLOYMENT_TARGET = 14.0;
				LD_RUNPATH_SEARCH_PATHS = (
					"$(inherited)",
					"@executable_path/Frameworks",
				);
				PRODUCT_BUNDLE_IDENTIFIER = com.vitalyprosvetov.UltimatePortfolio;
				PRODUCT_NAME = "$(TARGET_NAME)";
				SWIFT_VERSION = 5.0;
				TARGETED_DEVICE_FAMILY = "1,2";
			};
			name = Debug;
		};
		E10B6D6D25AF075800F50AFD /* Release */ = {
			isa = XCBuildConfiguration;
			buildSettings = {
				ASSETCATALOG_COMPILER_APPICON_NAME = AppIcon;
				ASSETCATALOG_COMPILER_GLOBAL_ACCENT_COLOR_NAME = AccentColor;
				CODE_SIGN_STYLE = Automatic;
				DEVELOPMENT_ASSET_PATHS = "\"UltimatePortfolio/Preview Content\"";
				DEVELOPMENT_TEAM = 7U5XZ95AHH;
				ENABLE_PREVIEWS = YES;
				INFOPLIST_FILE = UltimatePortfolio/Info.plist;
				IPHONEOS_DEPLOYMENT_TARGET = 14.0;
				LD_RUNPATH_SEARCH_PATHS = (
					"$(inherited)",
					"@executable_path/Frameworks",
				);
				PRODUCT_BUNDLE_IDENTIFIER = com.vitalyprosvetov.UltimatePortfolio;
				PRODUCT_NAME = "$(TARGET_NAME)";
				SWIFT_VERSION = 5.0;
				TARGETED_DEVICE_FAMILY = "1,2";
			};
			name = Release;
		};
/* End XCBuildConfiguration section */

/* Begin XCConfigurationList section */
		E10B6D5725AF075500F50AFD /* Build configuration list for PBXProject "UltimatePortfolio" */ = {
			isa = XCConfigurationList;
			buildConfigurations = (
				E10B6D6925AF075800F50AFD /* Debug */,
				E10B6D6A25AF075800F50AFD /* Release */,
			);
			defaultConfigurationIsVisible = 0;
			defaultConfigurationName = Release;
		};
		E10B6D6B25AF075800F50AFD /* Build configuration list for PBXNativeTarget "UltimatePortfolio" */ = {
			isa = XCConfigurationList;
			buildConfigurations = (
				E10B6D6C25AF075800F50AFD /* Debug */,
				E10B6D6D25AF075800F50AFD /* Release */,
			);
			defaultConfigurationIsVisible = 0;
			defaultConfigurationName = Release;
		};
/* End XCConfigurationList section */

/* Begin XCVersionGroup section */
		E10B6D6F25AF096800F50AFD /* Main.xcdatamodeld */ = {
			isa = XCVersionGroup;
			children = (
				E10B6D7025AF096800F50AFD /* Main.xcdatamodel */,
			);
			currentVersion = E10B6D7025AF096800F50AFD /* Main.xcdatamodel */;
			path = Main.xcdatamodeld;
			sourceTree = "<group>";
			versionGroupType = wrapper.xcdatamodel;
		};
/* End XCVersionGroup section */
	};
	rootObject = E10B6D5425AF075500F50AFD /* Project object */;
}
